
Microsoft Visual Studio Solution File, Format Version 12.00
# Visual Studio Version 17
VisualStudioVersion = 17.11.35312.102
MinimumVisualStudioVersion = 10.0.40219.1
Project("{FAE04EC0-301F-11D3-BF4B-00C04F79EFBC}") = "TacticaSoftLeandroRodriguez", "TacticaSoftLeandroRodriguez.csproj", "{129DB18E-0E3D-4F4D-ABDA-A9DBB46324AE}"
EndProject
Global
	GlobalSection(SolutionConfigurationPlatforms) = preSolution
		Debug|Any CPU = Debug|Any CPU
		Release|Any CPU = Release|Any CPU
	EndGlobalSection
	GlobalSection(ProjectConfigurationPlatforms) = postSolution
		{129DB18E-0E3D-4F4D-ABDA-A9DBB46324AE}.Debug|Any CPU.ActiveCfg = Debug|Any CPU
		{129DB18E-0E3D-4F4D-ABDA-A9DBB46324AE}.Debug|Any CPU.Build.0 = Debug|Any CPU
		{129DB18E-0E3D-4F4D-ABDA-A9DBB46324AE}.Release|Any CPU.ActiveCfg = Release|Any CPU
		{129DB18E-0E3D-4F4D-ABDA-A9DBB46324AE}.Release|Any CPU.Build.0 = Release|Any CPU
	EndGlobalSection
	GlobalSection(SolutionProperties) = preSolution
		HideSolutionNode = FALSE
	EndGlobalSection
	GlobalSection(ExtensibilityGlobals) = postSolution
		SolutionGuid = {B2F441AC-B14C-4C46-A362-116BF75C6482}
	EndGlobalSection
EndGlobal
